
Microsoft Visual Studio Solution File, Format Version 12.00
# Visual Studio 15
VisualStudioVersion = 15.0.28307.329
MinimumVisualStudioVersion = 10.0.40219.1
Project("{FAE04EC0-301F-11D3-BF4B-00C04F79EFBC}") = "LeapSample", "LeapSample\LeapSample.csproj", "{E9D4D0C8-D1BC-4F9C-8387-D1ABCE1B5240}"
EndProject
Project("{2150E333-8FDC-42A3-9474-1A3956D46DE8}") = "ThirdPartyLibraries", "ThirdPartyLibraries", "{DF4C2097-7573-445F-895E-6B790A3315EC}"
	ProjectSection(SolutionItems) = preProject
		ThirdPartyLibraries\Leap.dll = ThirdPartyLibraries\Leap.dll
		ThirdPartyLibraries\LeapCSharp.dll = ThirdPartyLibraries\LeapCSharp.dll
		ThirdPartyLibraries\LeapCSharp.NET4.0.dll = ThirdPartyLibraries\LeapCSharp.NET4.0.dll
	EndProjectSection
EndProject
Global
	GlobalSection(SolutionConfigurationPlatforms) = preSolution
		Debug|Any CPU = Debug|Any CPU
		Debug|x64 = Debug|x64
		Debug|x86 = Debug|x86
		Release|Any CPU = Release|Any CPU
		Release|x64 = Release|x64
		Release|x86 = Release|x86
	EndGlobalSection
	GlobalSection(ProjectConfigurationPlatforms) = postSolution
		{E9D4D0C8-D1BC-4F9C-8387-D1ABCE1B5240}.Debug|Any CPU.ActiveCfg = Debug|Any CPU
		{E9D4D0C8-D1BC-4F9C-8387-D1ABCE1B5240}.Debug|Any CPU.Build.0 = Debug|Any CPU
		{E9D4D0C8-D1BC-4F9C-8387-D1ABCE1B5240}.Debug|x64.ActiveCfg = Debug|x64
		{E9D4D0C8-D1BC-4F9C-8387-D1ABCE1B5240}.Debug|x64.Build.0 = Debug|x64
		{E9D4D0C8-D1BC-4F9C-8387-D1ABCE1B5240}.Debug|x86.ActiveCfg = Debug|x86
		{E9D4D0C8-D1BC-4F9C-8387-D1ABCE1B5240}.Debug|x86.Build.0 = Debug|x86
		{E9D4D0C8-D1BC-4F9C-8387-D1ABCE1B5240}.Release|Any CPU.ActiveCfg = Release|Any CPU
		{E9D4D0C8-D1BC-4F9C-8387-D1ABCE1B5240}.Release|Any CPU.Build.0 = Release|Any CPU
		{E9D4D0C8-D1BC-4F9C-8387-D1ABCE1B5240}.Release|x64.ActiveCfg = Release|x64
		{E9D4D0C8-D1BC-4F9C-8387-D1ABCE1B5240}.Release|x64.Build.0 = Release|x64
		{E9D4D0C8-D1BC-4F9C-8387-D1ABCE1B5240}.Release|x86.ActiveCfg = Release|x86
		{E9D4D0C8-D1BC-4F9C-8387-D1ABCE1B5240}.Release|x86.Build.0 = Release|x86
	EndGlobalSection
	GlobalSection(SolutionProperties) = preSolution
		HideSolutionNode = FALSE
	EndGlobalSection
	GlobalSection(ExtensibilityGlobals) = postSolution
		SolutionGuid = {1388F849-F3D4-4724-B221-4E47430E8BE4}
	EndGlobalSection
EndGlobal
